// !$*UTF8*$!
{
	archiveVersion = 1;
	classes = {
	};
	objectVersion = 51;
	objects = {

/* Begin PBXBuildFile section */
		7F22CE292522B41000ABDC2E /* ContactsModel.swift in Sources */ = {isa = PBXBuildFile; fileRef = 7F22CE282522B40F00ABDC2E /* ContactsModel.swift */; };
		7F22CE2A2522B41000ABDC2E /* ContactsModel.swift in Sources */ = {isa = PBXBuildFile; fileRef = 7F22CE282522B40F00ABDC2E /* ContactsModel.swift */; };
		7F22CE2E2522B44000ABDC2E /* MessagesModel.swift in Sources */ = {isa = PBXBuildFile; fileRef = 7F22CE2D2522B43F00ABDC2E /* MessagesModel.swift */; };
		7F22CE2F2522B44000ABDC2E /* MessagesModel.swift in Sources */ = {isa = PBXBuildFile; fileRef = 7F22CE2D2522B43F00ABDC2E /* MessagesModel.swift */; };
		7F22CE642522C2DC00ABDC2E /* DataStore.swift in Sources */ = {isa = PBXBuildFile; fileRef = 7F22CE632522C2DC00ABDC2E /* DataStore.swift */; };
		7F22CE652522C2DC00ABDC2E /* DataStore.swift in Sources */ = {isa = PBXBuildFile; fileRef = 7F22CE632522C2DC00ABDC2E /* DataStore.swift */; };
		7F22CE6D2522CE9F00ABDC2E /* ContactsView.swift in Sources */ = {isa = PBXBuildFile; fileRef = 7F22CE6C2522CE9F00ABDC2E /* ContactsView.swift */; };
		7F22CE6E2522CE9F00ABDC2E /* ContactsView.swift in Sources */ = {isa = PBXBuildFile; fileRef = 7F22CE6C2522CE9F00ABDC2E /* ContactsView.swift */; };
		7F22CE722522DA1500ABDC2E /* ChatsView.swift in Sources */ = {isa = PBXBuildFile; fileRef = 7F22CE712522DA1500ABDC2E /* ChatsView.swift */; };
		7F22CE732522DA1600ABDC2E /* ChatsView.swift in Sources */ = {isa = PBXBuildFile; fileRef = 7F22CE712522DA1500ABDC2E /* ChatsView.swift */; };
		7F22CE792522F67400ABDC2E /* UserModel.swift in Sources */ = {isa = PBXBuildFile; fileRef = 7F22CE782522F67400ABDC2E /* UserModel.swift */; };
		7F22CE7A2522F67400ABDC2E /* UserModel.swift in Sources */ = {isa = PBXBuildFile; fileRef = 7F22CE782522F67400ABDC2E /* UserModel.swift */; };
		7F36049A25234E9800B82175 /* View.swift in Sources */ = {isa = PBXBuildFile; fileRef = 7F36049925234E9800B82175 /* View.swift */; };
		7FADCD9125227C7700FA8632 /* ChatAppApp.swift in Sources */ = {isa = PBXBuildFile; fileRef = 7FADCD7E25227C6F00FA8632 /* ChatAppApp.swift */; };
		7FADCD9225227C7700FA8632 /* ChatAppApp.swift in Sources */ = {isa = PBXBuildFile; fileRef = 7FADCD7E25227C6F00FA8632 /* ChatAppApp.swift */; };
		7FADCD9325227C7700FA8632 /* ContentView.swift in Sources */ = {isa = PBXBuildFile; fileRef = 7FADCD7F25227C6F00FA8632 /* ContentView.swift */; };
		7FADCD9425227C7700FA8632 /* ContentView.swift in Sources */ = {isa = PBXBuildFile; fileRef = 7FADCD7F25227C6F00FA8632 /* ContentView.swift */; };
		7FADCD9525227C7700FA8632 /* Assets.xcassets in Resources */ = {isa = PBXBuildFile; fileRef = 7FADCD8025227C7700FA8632 /* Assets.xcassets */; };
		7FADCD9625227C7700FA8632 /* Assets.xcassets in Resources */ = {isa = PBXBuildFile; fileRef = 7FADCD8025227C7700FA8632 /* Assets.xcassets */; };
		7FADCDB425227DCB00FA8632 /* GoogleService-Info.plist in Resources */ = {isa = PBXBuildFile; fileRef = 7FADCDB325227DCB00FA8632 /* GoogleService-Info.plist */; };
		7FADCDB525227DCB00FA8632 /* GoogleService-Info.plist in Resources */ = {isa = PBXBuildFile; fileRef = 7FADCDB325227DCB00FA8632 /* GoogleService-Info.plist */; };
		7FADCDE42522834900FA8632 /* SessionStore.swift in Sources */ = {isa = PBXBuildFile; fileRef = 7FADCDE32522834900FA8632 /* SessionStore.swift */; };
		7FADCDE92522835800FA8632 /* AuthView.swift in Sources */ = {isa = PBXBuildFile; fileRef = 7FADCDE72522835800FA8632 /* AuthView.swift */; };
		7FADCDEA2522835800FA8632 /* UIElementsView.swift in Sources */ = {isa = PBXBuildFile; fileRef = 7FADCDE82522835800FA8632 /* UIElementsView.swift */; };
		7FADCDEE252283F600FA8632 /* HomeView.swift in Sources */ = {isa = PBXBuildFile; fileRef = 7FADCDED252283F600FA8632 /* HomeView.swift */; };
		7FADCDEF252283F600FA8632 /* HomeView.swift in Sources */ = {isa = PBXBuildFile; fileRef = 7FADCDED252283F600FA8632 /* HomeView.swift */; };
		7FADCDF32522867100FA8632 /* UserSettingsView.swift in Sources */ = {isa = PBXBuildFile; fileRef = 7FADCDF22522867100FA8632 /* UserSettingsView.swift */; };
		7FADCDF42522867100FA8632 /* UserSettingsView.swift in Sources */ = {isa = PBXBuildFile; fileRef = 7FADCDF22522867100FA8632 /* UserSettingsView.swift */; };
		7FC17327252380F400AE25BC /* ChatModel.swift in Sources */ = {isa = PBXBuildFile; fileRef = 7FC17326252380F400AE25BC /* ChatModel.swift */; };
		7FC17328252380F400AE25BC /* ChatModel.swift in Sources */ = {isa = PBXBuildFile; fileRef = 7FC17326252380F400AE25BC /* ChatModel.swift */; };
		A397DFCCC645306E06464D03 /* Pods_ChatApp__iOS_.framework in Frameworks */ = {isa = PBXBuildFile; fileRef = 51619219D7B67BCBCF2B81E6 /* Pods_ChatApp__iOS_.framework */; };
		B793363F809EEC4E24EB536F /* Pods_ChatApp__macOS_.framework in Frameworks */ = {isa = PBXBuildFile; fileRef = 47B4352A3FEABE168F7C8FF8 /* Pods_ChatApp__macOS_.framework */; };
/* End PBXBuildFile section */

/* Begin PBXFileReference section */
		39E62E9990D00D21DBB957DC /* Pods-ChatApp (iOS).release.xcconfig */ = {isa = PBXFileReference; includeInIndex = 1; lastKnownFileType = text.xcconfig; name = "Pods-ChatApp (iOS).release.xcconfig"; path = "Target Support Files/Pods-ChatApp (iOS)/Pods-ChatApp (iOS).release.xcconfig"; sourceTree = "<group>"; };
		47B4352A3FEABE168F7C8FF8 /* Pods_ChatApp__macOS_.framework */ = {isa = PBXFileReference; explicitFileType = wrapper.framework; includeInIndex = 0; path = Pods_ChatApp__macOS_.framework; sourceTree = BUILT_PRODUCTS_DIR; };
		51619219D7B67BCBCF2B81E6 /* Pods_ChatApp__iOS_.framework */ = {isa = PBXFileReference; explicitFileType = wrapper.framework; includeInIndex = 0; path = Pods_ChatApp__iOS_.framework; sourceTree = BUILT_PRODUCTS_DIR; };
		7F22CE282522B40F00ABDC2E /* ContactsModel.swift */ = {isa = PBXFileReference; lastKnownFileType = sourcecode.swift; name = ContactsModel.swift; path = Shared/API/ContactsModel.swift; sourceTree = SOURCE_ROOT; };
		7F22CE2D2522B43F00ABDC2E /* MessagesModel.swift */ = {isa = PBXFileReference; lastKnownFileType = sourcecode.swift; path = MessagesModel.swift; sourceTree = "<group>"; };
		7F22CE632522C2DC00ABDC2E /* DataStore.swift */ = {isa = PBXFileReference; lastKnownFileType = sourcecode.swift; path = DataStore.swift; sourceTree = "<group>"; };
		7F22CE6C2522CE9F00ABDC2E /* ContactsView.swift */ = {isa = PBXFileReference; lastKnownFileType = sourcecode.swift; path = ContactsView.swift; sourceTree = "<group>"; };
		7F22CE712522DA1500ABDC2E /* ChatsView.swift */ = {isa = PBXFileReference; lastKnownFileType = sourcecode.swift; path = ChatsView.swift; sourceTree = "<group>"; };
		7F22CE782522F67400ABDC2E /* UserModel.swift */ = {isa = PBXFileReference; lastKnownFileType = sourcecode.swift; path = UserModel.swift; sourceTree = "<group>"; };
		7F36049925234E9800B82175 /* View.swift */ = {isa = PBXFileReference; lastKnownFileType = sourcecode.swift; path = View.swift; sourceTree = "<group>"; };
		7FADCD7E25227C6F00FA8632 /* ChatAppApp.swift */ = {isa = PBXFileReference; lastKnownFileType = sourcecode.swift; path = ChatAppApp.swift; sourceTree = "<group>"; };
		7FADCD7F25227C6F00FA8632 /* ContentView.swift */ = {isa = PBXFileReference; lastKnownFileType = sourcecode.swift; path = ContentView.swift; sourceTree = "<group>"; };
		7FADCD8025227C7700FA8632 /* Assets.xcassets */ = {isa = PBXFileReference; lastKnownFileType = folder.assetcatalog; path = Assets.xcassets; sourceTree = "<group>"; };
		7FADCD8525227C7700FA8632 /* ChatApp.app */ = {isa = PBXFileReference; explicitFileType = wrapper.application; includeInIndex = 0; path = ChatApp.app; sourceTree = BUILT_PRODUCTS_DIR; };
		7FADCD8825227C7700FA8632 /* Info.plist */ = {isa = PBXFileReference; lastKnownFileType = text.plist.xml; path = Info.plist; sourceTree = "<group>"; };
		7FADCD8D25227C7700FA8632 /* ChatApp.app */ = {isa = PBXFileReference; explicitFileType = wrapper.application; includeInIndex = 0; path = ChatApp.app; sourceTree = BUILT_PRODUCTS_DIR; };
		7FADCD8F25227C7700FA8632 /* Info.plist */ = {isa = PBXFileReference; lastKnownFileType = text.plist.xml; path = Info.plist; sourceTree = "<group>"; };
		7FADCD9025227C7700FA8632 /* macOS.entitlements */ = {isa = PBXFileReference; lastKnownFileType = text.plist.entitlements; path = macOS.entitlements; sourceTree = "<group>"; };
		7FADCDB325227DCB00FA8632 /* GoogleService-Info.plist */ = {isa = PBXFileReference; fileEncoding = 4; lastKnownFileType = text.plist.xml; path = "GoogleService-Info.plist"; sourceTree = "<group>"; };
		7FADCDE32522834900FA8632 /* SessionStore.swift */ = {isa = PBXFileReference; fileEncoding = 4; lastKnownFileType = sourcecode.swift; path = SessionStore.swift; sourceTree = "<group>"; };
		7FADCDE72522835800FA8632 /* AuthView.swift */ = {isa = PBXFileReference; fileEncoding = 4; lastKnownFileType = sourcecode.swift; path = AuthView.swift; sourceTree = "<group>"; };
		7FADCDE82522835800FA8632 /* UIElementsView.swift */ = {isa = PBXFileReference; fileEncoding = 4; lastKnownFileType = sourcecode.swift; path = UIElementsView.swift; sourceTree = "<group>"; };
		7FADCDED252283F600FA8632 /* HomeView.swift */ = {isa = PBXFileReference; lastKnownFileType = sourcecode.swift; path = HomeView.swift; sourceTree = "<group>"; };
		7FADCDF22522867100FA8632 /* UserSettingsView.swift */ = {isa = PBXFileReference; fileEncoding = 4; lastKnownFileType = sourcecode.swift; path = UserSettingsView.swift; sourceTree = "<group>"; };
		7FC17326252380F400AE25BC /* ChatModel.swift */ = {isa = PBXFileReference; lastKnownFileType = sourcecode.swift; path = ChatModel.swift; sourceTree = "<group>"; };
		8A4526337C6FDCE3730D31B9 /* Pods-ChatApp (macOS).release.xcconfig */ = {isa = PBXFileReference; includeInIndex = 1; lastKnownFileType = text.xcconfig; name = "Pods-ChatApp (macOS).release.xcconfig"; path = "Target Support Files/Pods-ChatApp (macOS)/Pods-ChatApp (macOS).release.xcconfig"; sourceTree = "<group>"; };
		8D24871045D0BAC18396D788 /* Pods-ChatApp (iOS).debug.xcconfig */ = {isa = PBXFileReference; includeInIndex = 1; lastKnownFileType = text.xcconfig; name = "Pods-ChatApp (iOS).debug.xcconfig"; path = "Target Support Files/Pods-ChatApp (iOS)/Pods-ChatApp (iOS).debug.xcconfig"; sourceTree = "<group>"; };
		CE5AB64D22828A4F2CF012EA /* Pods-ChatApp (macOS).debug.xcconfig */ = {isa = PBXFileReference; includeInIndex = 1; lastKnownFileType = text.xcconfig; name = "Pods-ChatApp (macOS).debug.xcconfig"; path = "Target Support Files/Pods-ChatApp (macOS)/Pods-ChatApp (macOS).debug.xcconfig"; sourceTree = "<group>"; };
/* End PBXFileReference section */

/* Begin PBXFrameworksBuildPhase section */
		7FADCD8225227C7700FA8632 /* Frameworks */ = {
			isa = PBXFrameworksBuildPhase;
			buildActionMask = 2147483647;
			files = (
				A397DFCCC645306E06464D03 /* Pods_ChatApp__iOS_.framework in Frameworks */,
			);
			runOnlyForDeploymentPostprocessing = 0;
		};
		7FADCD8A25227C7700FA8632 /* Frameworks */ = {
			isa = PBXFrameworksBuildPhase;
			buildActionMask = 2147483647;
			files = (
				B793363F809EEC4E24EB536F /* Pods_ChatApp__macOS_.framework in Frameworks */,
			);
			runOnlyForDeploymentPostprocessing = 0;
		};
/* End PBXFrameworksBuildPhase section */

/* Begin PBXGroup section */
		7F360490252347EF00B82175 /* Extencion */ = {
			isa = PBXGroup;
			children = (
				7F36049925234E9800B82175 /* View.swift */,
			);
			path = Extencion;
			sourceTree = "<group>";
		};
		7FADCD7825227C6E00FA8632 = {
			isa = PBXGroup;
			children = (
				7FADCD7D25227C6F00FA8632 /* Shared */,
				7FADCD8725227C7700FA8632 /* iOS */,
				7FADCD8E25227C7700FA8632 /* macOS */,
				7FADCD8625227C7700FA8632 /* Products */,
				F98F8CFB8F779F3039A33004 /* Pods */,
				D791215375DFC1A630DC4385 /* Frameworks */,
			);
			sourceTree = "<group>";
		};
		7FADCD7D25227C6F00FA8632 /* Shared */ = {
			isa = PBXGroup;
			children = (
				7FADCDA125227C9D00FA8632 /* App */,
				7FADCDA225227CA800FA8632 /* Data */,
				7FADCDA325227CBD00FA8632 /* API */,
				7FADCDA425227CD700FA8632 /* Views */,
				7FADCD8025227C7700FA8632 /* Assets.xcassets */,
				7FADCDB325227DCB00FA8632 /* GoogleService-Info.plist */,
			);
			path = Shared;
			sourceTree = "<group>";
		};
		7FADCD8625227C7700FA8632 /* Products */ = {
			isa = PBXGroup;
			children = (
				7FADCD8525227C7700FA8632 /* ChatApp.app */,
				7FADCD8D25227C7700FA8632 /* ChatApp.app */,
			);
			name = Products;
			sourceTree = "<group>";
		};
		7FADCD8725227C7700FA8632 /* iOS */ = {
			isa = PBXGroup;
			children = (
				7FADCD8825227C7700FA8632 /* Info.plist */,
			);
			path = iOS;
			sourceTree = "<group>";
		};
		7FADCD8E25227C7700FA8632 /* macOS */ = {
			isa = PBXGroup;
			children = (
				7FADCD8F25227C7700FA8632 /* Info.plist */,
				7FADCD9025227C7700FA8632 /* macOS.entitlements */,
			);
			path = macOS;
			sourceTree = "<group>";
		};
		7FADCDA125227C9D00FA8632 /* App */ = {
			isa = PBXGroup;
			children = (
				7F360490252347EF00B82175 /* Extencion */,
				7FADCD7E25227C6F00FA8632 /* ChatAppApp.swift */,
				7FADCD7F25227C6F00FA8632 /* ContentView.swift */,
			);
			path = App;
			sourceTree = "<group>";
		};
		7FADCDA225227CA800FA8632 /* Data */ = {
			isa = PBXGroup;
			children = (
				7F22CE282522B40F00ABDC2E /* ContactsModel.swift */,
				7F22CE2D2522B43F00ABDC2E /* MessagesModel.swift */,
				7F22CE782522F67400ABDC2E /* UserModel.swift */,
				7FC17326252380F400AE25BC /* ChatModel.swift */,
			);
			path = Data;
			sourceTree = "<group>";
		};
		7FADCDA325227CBD00FA8632 /* API */ = {
			isa = PBXGroup;
			children = (
				7FADCDE32522834900FA8632 /* SessionStore.swift */,
				7F22CE632522C2DC00ABDC2E /* DataStore.swift */,
			);
			path = API;
			sourceTree = "<group>";
		};
		7FADCDA425227CD700FA8632 /* Views */ = {
			isa = PBXGroup;
			children = (
				7FADCDE72522835800FA8632 /* AuthView.swift */,
				7FADCDED252283F600FA8632 /* HomeView.swift */,
				7F22CE6C2522CE9F00ABDC2E /* ContactsView.swift */,
				7F22CE712522DA1500ABDC2E /* ChatsView.swift */,
				7FADCDF22522867100FA8632 /* UserSettingsView.swift */,
				7FADCDE82522835800FA8632 /* UIElementsView.swift */,
			);
			path = Views;
			sourceTree = "<group>";
		};
		D791215375DFC1A630DC4385 /* Frameworks */ = {
			isa = PBXGroup;
			children = (
				51619219D7B67BCBCF2B81E6 /* Pods_ChatApp__iOS_.framework */,
				47B4352A3FEABE168F7C8FF8 /* Pods_ChatApp__macOS_.framework */,
			);
			name = Frameworks;
			sourceTree = "<group>";
		};
		F98F8CFB8F779F3039A33004 /* Pods */ = {
			isa = PBXGroup;
			children = (
				8D24871045D0BAC18396D788 /* Pods-ChatApp (iOS).debug.xcconfig */,
				39E62E9990D00D21DBB957DC /* Pods-ChatApp (iOS).release.xcconfig */,
				CE5AB64D22828A4F2CF012EA /* Pods-ChatApp (macOS).debug.xcconfig */,
				8A4526337C6FDCE3730D31B9 /* Pods-ChatApp (macOS).release.xcconfig */,
			);
			path = Pods;
			sourceTree = "<group>";
		};
/* End PBXGroup section */

/* Begin PBXNativeTarget section */
		7FADCD8425227C7700FA8632 /* ChatApp (iOS) */ = {
			isa = PBXNativeTarget;
			buildConfigurationList = 7FADCD9925227C7700FA8632 /* Build configuration list for PBXNativeTarget "ChatApp (iOS)" */;
			buildPhases = (
				67423ED700A9002A6865E19D /* [CP] Check Pods Manifest.lock */,
				7FADCD8125227C7700FA8632 /* Sources */,
				7FADCD8225227C7700FA8632 /* Frameworks */,
				7FADCD8325227C7700FA8632 /* Resources */,
				769CF3B64DA1346AE031C024 /* [CP] Embed Pods Frameworks */,
			);
			buildRules = (
			);
			dependencies = (
			);
			name = "ChatApp (iOS)";
			productName = "ChatApp (iOS)";
			productReference = 7FADCD8525227C7700FA8632 /* ChatApp.app */;
			productType = "com.apple.product-type.application";
		};
		7FADCD8C25227C7700FA8632 /* ChatApp (macOS) */ = {
			isa = PBXNativeTarget;
			buildConfigurationList = 7FADCD9C25227C7700FA8632 /* Build configuration list for PBXNativeTarget "ChatApp (macOS)" */;
			buildPhases = (
				C0AA15D7B581697A26357A35 /* [CP] Check Pods Manifest.lock */,
				7FADCD8925227C7700FA8632 /* Sources */,
				7FADCD8A25227C7700FA8632 /* Frameworks */,
				7FADCD8B25227C7700FA8632 /* Resources */,
			);
			buildRules = (
			);
			dependencies = (
			);
			name = "ChatApp (macOS)";
			productName = "ChatApp (macOS)";
			productReference = 7FADCD8D25227C7700FA8632 /* ChatApp.app */;
			productType = "com.apple.product-type.application";
		};
/* End PBXNativeTarget section */

/* Begin PBXProject section */
		7FADCD7925227C6E00FA8632 /* Project object */ = {
			isa = PBXProject;
			attributes = {
				LastSwiftUpdateCheck = 1220;
				LastUpgradeCheck = 1220;
				TargetAttributes = {
					7FADCD8425227C7700FA8632 = {
						CreatedOnToolsVersion = 12.2;
					};
					7FADCD8C25227C7700FA8632 = {
						CreatedOnToolsVersion = 12.2;
					};
				};
			};
			buildConfigurationList = 7FADCD7C25227C6E00FA8632 /* Build configuration list for PBXProject "ChatApp" */;
			compatibilityVersion = "Xcode 9.3";
			developmentRegion = en;
			hasScannedForEncodings = 0;
			knownRegions = (
				en,
				Base,
			);
			mainGroup = 7FADCD7825227C6E00FA8632;
			productRefGroup = 7FADCD8625227C7700FA8632 /* Products */;
			projectDirPath = "";
			projectRoot = "";
			targets = (
				7FADCD8425227C7700FA8632 /* ChatApp (iOS) */,
				7FADCD8C25227C7700FA8632 /* ChatApp (macOS) */,
			);
		};
/* End PBXProject section */

/* Begin PBXResourcesBuildPhase section */
		7FADCD8325227C7700FA8632 /* Resources */ = {
			isa = PBXResourcesBuildPhase;
			buildActionMask = 2147483647;
			files = (
				7FADCD9525227C7700FA8632 /* Assets.xcassets in Resources */,
				7FADCDB425227DCB00FA8632 /* GoogleService-Info.plist in Resources */,
			);
			runOnlyForDeploymentPostprocessing = 0;
		};
		7FADCD8B25227C7700FA8632 /* Resources */ = {
			isa = PBXResourcesBuildPhase;
			buildActionMask = 2147483647;
			files = (
				7FADCD9625227C7700FA8632 /* Assets.xcassets in Resources */,
				7FADCDB525227DCB00FA8632 /* GoogleService-Info.plist in Resources */,
			);
			runOnlyForDeploymentPostprocessing = 0;
		};
/* End PBXResourcesBuildPhase section */

/* Begin PBXShellScriptBuildPhase section */
		67423ED700A9002A6865E19D /* [CP] Check Pods Manifest.lock */ = {
			isa = PBXShellScriptBuildPhase;
			buildActionMask = 2147483647;
			files = (
			);
			inputFileListPaths = (
			);
			inputPaths = (
				"${PODS_PODFILE_DIR_PATH}/Podfile.lock",
				"${PODS_ROOT}/Manifest.lock",
			);
			name = "[CP] Check Pods Manifest.lock";
			outputFileListPaths = (
			);
			outputPaths = (
				"$(DERIVED_FILE_DIR)/Pods-ChatApp (iOS)-checkManifestLockResult.txt",
			);
			runOnlyForDeploymentPostprocessing = 0;
			shellPath = /bin/sh;
			shellScript = "diff \"${PODS_PODFILE_DIR_PATH}/Podfile.lock\" \"${PODS_ROOT}/Manifest.lock\" > /dev/null\nif [ $? != 0 ] ; then\n    # print error to STDERR\n    echo \"error: The sandbox is not in sync with the Podfile.lock. Run 'pod install' or update your CocoaPods installation.\" >&2\n    exit 1\nfi\n# This output is used by Xcode 'outputs' to avoid re-running this script phase.\necho \"SUCCESS\" > \"${SCRIPT_OUTPUT_FILE_0}\"\n";
			showEnvVarsInLog = 0;
		};
		769CF3B64DA1346AE031C024 /* [CP] Embed Pods Frameworks */ = {
			isa = PBXShellScriptBuildPhase;
			buildActionMask = 2147483647;
			files = (
			);
			inputFileListPaths = (
				"${PODS_ROOT}/Target Support Files/Pods-ChatApp (iOS)/Pods-ChatApp (iOS)-frameworks-${CONFIGURATION}-input-files.xcfilelist",
			);
			name = "[CP] Embed Pods Frameworks";
			outputFileListPaths = (
				"${PODS_ROOT}/Target Support Files/Pods-ChatApp (iOS)/Pods-ChatApp (iOS)-frameworks-${CONFIGURATION}-output-files.xcfilelist",
			);
			runOnlyForDeploymentPostprocessing = 0;
			shellPath = /bin/sh;
			shellScript = "\"${PODS_ROOT}/Target Support Files/Pods-ChatApp (iOS)/Pods-ChatApp (iOS)-frameworks.sh\"\n";
			showEnvVarsInLog = 0;
		};
		C0AA15D7B581697A26357A35 /* [CP] Check Pods Manifest.lock */ = {
			isa = PBXShellScriptBuildPhase;
			buildActionMask = 2147483647;
			files = (
			);
			inputFileListPaths = (
			);
			inputPaths = (
				"${PODS_PODFILE_DIR_PATH}/Podfile.lock",
				"${PODS_ROOT}/Manifest.lock",
			);
			name = "[CP] Check Pods Manifest.lock";
			outputFileListPaths = (
			);
			outputPaths = (
				"$(DERIVED_FILE_DIR)/Pods-ChatApp (macOS)-checkManifestLockResult.txt",
			);
			runOnlyForDeploymentPostprocessing = 0;
			shellPath = /bin/sh;
			shellScript = "diff \"${PODS_PODFILE_DIR_PATH}/Podfile.lock\" \"${PODS_ROOT}/Manifest.lock\" > /dev/null\nif [ $? != 0 ] ; then\n    # print error to STDERR\n    echo \"error: The sandbox is not in sync with the Podfile.lock. Run 'pod install' or update your CocoaPods installation.\" >&2\n    exit 1\nfi\n# This output is used by Xcode 'outputs' to avoid re-running this script phase.\necho \"SUCCESS\" > \"${SCRIPT_OUTPUT_FILE_0}\"\n";
			showEnvVarsInLog = 0;
		};
/* End PBXShellScriptBuildPhase section */

/* Begin PBXSourcesBuildPhase section */
		7FADCD8125227C7700FA8632 /* Sources */ = {
			isa = PBXSourcesBuildPhase;
			buildActionMask = 2147483647;
			files = (
				7FADCDEA2522835800FA8632 /* UIElementsView.swift in Sources */,
				7FADCD9325227C7700FA8632 /* ContentView.swift in Sources */,
				7FADCD9125227C7700FA8632 /* ChatAppApp.swift in Sources */,
				7FADCDEE252283F600FA8632 /* HomeView.swift in Sources */,
				7F22CE722522DA1500ABDC2E /* ChatsView.swift in Sources */,
				7FC17327252380F400AE25BC /* ChatModel.swift in Sources */,
				7F22CE792522F67400ABDC2E /* UserModel.swift in Sources */,
				7F22CE2E2522B44000ABDC2E /* MessagesModel.swift in Sources */,
				7FADCDE92522835800FA8632 /* AuthView.swift in Sources */,
				7FADCDF32522867100FA8632 /* UserSettingsView.swift in Sources */,
				7F22CE642522C2DC00ABDC2E /* DataStore.swift in Sources */,
				7F22CE292522B41000ABDC2E /* ContactsModel.swift in Sources */,
				7F22CE6D2522CE9F00ABDC2E /* ContactsView.swift in Sources */,
				7F36049A25234E9800B82175 /* View.swift in Sources */,
				7FADCDE42522834900FA8632 /* SessionStore.swift in Sources */,
			);
			runOnlyForDeploymentPostprocessing = 0;
		};
		7FADCD8925227C7700FA8632 /* Sources */ = {
			isa = PBXSourcesBuildPhase;
			buildActionMask = 2147483647;
			files = (
				7F22CE2A2522B41000ABDC2E /* ContactsModel.swift in Sources */,
				7F22CE652522C2DC00ABDC2E /* DataStore.swift in Sources */,
				7FC17328252380F400AE25BC /* ChatModel.swift in Sources */,
				7F22CE2F2522B44000ABDC2E /* MessagesModel.swift in Sources */,
				7FADCDF42522867100FA8632 /* UserSettingsView.swift in Sources */,
				7F22CE732522DA1600ABDC2E /* ChatsView.swift in Sources */,
				7FADCDEF252283F600FA8632 /* HomeView.swift in Sources */,
				7FADCD9425227C7700FA8632 /* ContentView.swift in Sources */,
				7FADCD9225227C7700FA8632 /* ChatAppApp.swift in Sources */,
				7F22CE7A2522F67400ABDC2E /* UserModel.swift in Sources */,
				7F22CE6E2522CE9F00ABDC2E /* ContactsView.swift in Sources */,
			);
			runOnlyForDeploymentPostprocessing = 0;
		};
/* End PBXSourcesBuildPhase section */

/* Begin XCBuildConfiguration section */
		7FADCD9725227C7700FA8632 /* Debug */ = {
			isa = XCBuildConfiguration;
			buildSettings = {
				ALWAYS_SEARCH_USER_PATHS = NO;
				CLANG_ANALYZER_NONNULL = YES;
				CLANG_ANALYZER_NUMBER_OBJECT_CONVERSION = YES_AGGRESSIVE;
				CLANG_CXX_LANGUAGE_STANDARD = "gnu++14";
				CLANG_CXX_LIBRARY = "libc++";
				CLANG_ENABLE_MODULES = YES;
				CLANG_ENABLE_OBJC_ARC = YES;
				CLANG_ENABLE_OBJC_WEAK = YES;
				CLANG_WARN_BLOCK_CAPTURE_AUTORELEASING = YES;
				CLANG_WARN_BOOL_CONVERSION = YES;
				CLANG_WARN_COMMA = YES;
				CLANG_WARN_CONSTANT_CONVERSION = YES;
				CLANG_WARN_DEPRECATED_OBJC_IMPLEMENTATIONS = YES;
				CLANG_WARN_DIRECT_OBJC_ISA_USAGE = YES_ERROR;
				CLANG_WARN_DOCUMENTATION_COMMENTS = YES;
				CLANG_WARN_EMPTY_BODY = YES;
				CLANG_WARN_ENUM_CONVERSION = YES;
				CLANG_WARN_INFINITE_RECURSION = YES;
				CLANG_WARN_INT_CONVERSION = YES;
				CLANG_WARN_NON_LITERAL_NULL_CONVERSION = YES;
				CLANG_WARN_OBJC_IMPLICIT_RETAIN_SELF = YES;
				CLANG_WARN_OBJC_LITERAL_CONVERSION = YES;
				CLANG_WARN_OBJC_ROOT_CLASS = YES_ERROR;
				CLANG_WARN_QUOTED_INCLUDE_IN_FRAMEWORK_HEADER = YES;
				CLANG_WARN_RANGE_LOOP_ANALYSIS = YES;
				CLANG_WARN_STRICT_PROTOTYPES = YES;
				CLANG_WARN_SUSPICIOUS_MOVE = YES;
				CLANG_WARN_UNGUARDED_AVAILABILITY = YES_AGGRESSIVE;
				CLANG_WARN_UNREACHABLE_CODE = YES;
				CLANG_WARN__DUPLICATE_METHOD_MATCH = YES;
				COPY_PHASE_STRIP = NO;
				DEBUG_INFORMATION_FORMAT = dwarf;
				ENABLE_STRICT_OBJC_MSGSEND = YES;
				ENABLE_TESTABILITY = YES;
				GCC_C_LANGUAGE_STANDARD = gnu11;
				GCC_DYNAMIC_NO_PIC = NO;
				GCC_NO_COMMON_BLOCKS = YES;
				GCC_OPTIMIZATION_LEVEL = 0;
				GCC_PREPROCESSOR_DEFINITIONS = (
					"DEBUG=1",
					"$(inherited)",
				);
				GCC_WARN_64_TO_32_BIT_CONVERSION = YES;
				GCC_WARN_ABOUT_RETURN_TYPE = YES_ERROR;
				GCC_WARN_UNDECLARED_SELECTOR = YES;
				GCC_WARN_UNINITIALIZED_AUTOS = YES_AGGRESSIVE;
				GCC_WARN_UNUSED_FUNCTION = YES;
				GCC_WARN_UNUSED_VARIABLE = YES;
				MTL_ENABLE_DEBUG_INFO = INCLUDE_SOURCE;
				MTL_FAST_MATH = YES;
				ONLY_ACTIVE_ARCH = YES;
				SWIFT_ACTIVE_COMPILATION_CONDITIONS = DEBUG;
				SWIFT_OPTIMIZATION_LEVEL = "-Onone";
			};
			name = Debug;
		};
		7FADCD9825227C7700FA8632 /* Release */ = {
			isa = XCBuildConfiguration;
			buildSettings = {
				ALWAYS_SEARCH_USER_PATHS = NO;
				CLANG_ANALYZER_NONNULL = YES;
				CLANG_ANALYZER_NUMBER_OBJECT_CONVERSION = YES_AGGRESSIVE;
				CLANG_CXX_LANGUAGE_STANDARD = "gnu++14";
				CLANG_CXX_LIBRARY = "libc++";
				CLANG_ENABLE_MODULES = YES;
				CLANG_ENABLE_OBJC_ARC = YES;
				CLANG_ENABLE_OBJC_WEAK = YES;
				CLANG_WARN_BLOCK_CAPTURE_AUTORELEASING = YES;
				CLANG_WARN_BOOL_CONVERSION = YES;
				CLANG_WARN_COMMA = YES;
				CLANG_WARN_CONSTANT_CONVERSION = YES;
				CLANG_WARN_DEPRECATED_OBJC_IMPLEMENTATIONS = YES;
				CLANG_WARN_DIRECT_OBJC_ISA_USAGE = YES_ERROR;
				CLANG_WARN_DOCUMENTATION_COMMENTS = YES;
				CLANG_WARN_EMPTY_BODY = YES;
				CLANG_WARN_ENUM_CONVERSION = YES;
				CLANG_WARN_INFINITE_RECURSION = YES;
				CLANG_WARN_INT_CONVERSION = YES;
				CLANG_WARN_NON_LITERAL_NULL_CONVERSION = YES;
				CLANG_WARN_OBJC_IMPLICIT_RETAIN_SELF = YES;
				CLANG_WARN_OBJC_LITERAL_CONVERSION = YES;
				CLANG_WARN_OBJC_ROOT_CLASS = YES_ERROR;
				CLANG_WARN_QUOTED_INCLUDE_IN_FRAMEWORK_HEADER = YES;
				CLANG_WARN_RANGE_LOOP_ANALYSIS = YES;
				CLANG_WARN_STRICT_PROTOTYPES = YES;
				CLANG_WARN_SUSPICIOUS_MOVE = YES;
				CLANG_WARN_UNGUARDED_AVAILABILITY = YES_AGGRESSIVE;
				CLANG_WARN_UNREACHABLE_CODE = YES;
				CLANG_WARN__DUPLICATE_METHOD_MATCH = YES;
				COPY_PHASE_STRIP = NO;
				DEBUG_INFORMATION_FORMAT = "dwarf-with-dsym";
				ENABLE_NS_ASSERTIONS = NO;
				ENABLE_STRICT_OBJC_MSGSEND = YES;
				GCC_C_LANGUAGE_STANDARD = gnu11;
				GCC_NO_COMMON_BLOCKS = YES;
				GCC_WARN_64_TO_32_BIT_CONVERSION = YES;
				GCC_WARN_ABOUT_RETURN_TYPE = YES_ERROR;
				GCC_WARN_UNDECLARED_SELECTOR = YES;
				GCC_WARN_UNINITIALIZED_AUTOS = YES_AGGRESSIVE;
				GCC_WARN_UNUSED_FUNCTION = YES;
				GCC_WARN_UNUSED_VARIABLE = YES;
				MTL_ENABLE_DEBUG_INFO = NO;
				MTL_FAST_MATH = YES;
				SWIFT_COMPILATION_MODE = wholemodule;
				SWIFT_OPTIMIZATION_LEVEL = "-O";
			};
			name = Release;
		};
		7FADCD9A25227C7700FA8632 /* Debug */ = {
			isa = XCBuildConfiguration;
			baseConfigurationReference = 8D24871045D0BAC18396D788 /* Pods-ChatApp (iOS).debug.xcconfig */;
			buildSettings = {
				ASSETCATALOG_COMPILER_APPICON_NAME = AppIcon;
				ASSETCATALOG_COMPILER_GLOBAL_ACCENT_COLOR_NAME = AccentColor;
				CODE_SIGN_STYLE = Automatic;
				DEVELOPMENT_TEAM = 63AJC847ZW;
				ENABLE_PREVIEWS = YES;
				INFOPLIST_FILE = iOS/Info.plist;
				IPHONEOS_DEPLOYMENT_TARGET = 14.0;
				LD_RUNPATH_SEARCH_PATHS = (
					"$(inherited)",
					"@executable_path/Frameworks",
				);
				PRODUCT_BUNDLE_IDENTIFIER = mx.landercorp.ChatApp;
				PRODUCT_NAME = ChatApp;
				SDKROOT = iphoneos;
				SWIFT_VERSION = 5.0;
				TARGETED_DEVICE_FAMILY = "1,2";
			};
			name = Debug;
		};
		7FADCD9B25227C7700FA8632 /* Release */ = {
			isa = XCBuildConfiguration;
			baseConfigurationReference = 39E62E9990D00D21DBB957DC /* Pods-ChatApp (iOS).release.xcconfig */;
			buildSettings = {
				ASSETCATALOG_COMPILER_APPICON_NAME = AppIcon;
				ASSETCATALOG_COMPILER_GLOBAL_ACCENT_COLOR_NAME = AccentColor;
				CODE_SIGN_STYLE = Automatic;
				DEVELOPMENT_TEAM = 63AJC847ZW;
				ENABLE_PREVIEWS = YES;
				INFOPLIST_FILE = iOS/Info.plist;
				IPHONEOS_DEPLOYMENT_TARGET = 14.0;
				LD_RUNPATH_SEARCH_PATHS = (
					"$(inherited)",
					"@executable_path/Frameworks",
				);
				PRODUCT_BUNDLE_IDENTIFIER = mx.landercorp.ChatApp;
				PRODUCT_NAME = ChatApp;
				SDKROOT = iphoneos;
				SWIFT_VERSION = 5.0;
				TARGETED_DEVICE_FAMILY = "1,2";
				VALIDATE_PRODUCT = YES;
			};
			name = Release;
		};
		7FADCD9D25227C7700FA8632 /* Debug */ = {
			isa = XCBuildConfiguration;
			baseConfigurationReference = CE5AB64D22828A4F2CF012EA /* Pods-ChatApp (macOS).debug.xcconfig */;
			buildSettings = {
				ASSETCATALOG_COMPILER_APPICON_NAME = AppIcon;
				ASSETCATALOG_COMPILER_GLOBAL_ACCENT_COLOR_NAME = AccentColor;
				CODE_SIGN_ENTITLEMENTS = macOS/macOS.entitlements;
				CODE_SIGN_STYLE = Automatic;
				COMBINE_HIDPI_IMAGES = YES;
				DEVELOPMENT_TEAM = 63AJC847ZW;
				ENABLE_HARDENED_RUNTIME = YES;
				ENABLE_PREVIEWS = YES;
				INFOPLIST_FILE = macOS/Info.plist;
				LD_RUNPATH_SEARCH_PATHS = (
					"$(inherited)",
					"@executable_path/../Frameworks",
				);
				MACOSX_DEPLOYMENT_TARGET = 11.0;
				PRODUCT_BUNDLE_IDENTIFIER = mx.landercorp.ChatApp;
				PRODUCT_NAME = ChatApp;
				SDKROOT = macosx;
				SWIFT_VERSION = 5.0;
			};
			name = Debug;
		};
		7FADCD9E25227C7700FA8632 /* Release */ = {
			isa = XCBuildConfiguration;
			baseConfigurationReference = 8A4526337C6FDCE3730D31B9 /* Pods-ChatApp (macOS).release.xcconfig */;
			buildSettings = {
				ASSETCATALOG_COMPILER_APPICON_NAME = AppIcon;
				ASSETCATALOG_COMPILER_GLOBAL_ACCENT_COLOR_NAME = AccentColor;
				CODE_SIGN_ENTITLEMENTS = macOS/macOS.entitlements;
				CODE_SIGN_STYLE = Automatic;
				COMBINE_HIDPI_IMAGES = YES;
				DEVELOPMENT_TEAM = 63AJC847ZW;
				ENABLE_HARDENED_RUNTIME = YES;
				ENABLE_PREVIEWS = YES;
				INFOPLIST_FILE = macOS/Info.plist;
				LD_RUNPATH_SEARCH_PATHS = (
					"$(inherited)",
					"@executable_path/../Frameworks",
				);
				MACOSX_DEPLOYMENT_TARGET = 11.0;
				PRODUCT_BUNDLE_IDENTIFIER = mx.landercorp.ChatApp;
				PRODUCT_NAME = ChatApp;
				SDKROOT = macosx;
				SWIFT_VERSION = 5.0;
			};
			name = Release;
		};
/* End XCBuildConfiguration section */

/* Begin XCConfigurationList section */
		7FADCD7C25227C6E00FA8632 /* Build configuration list for PBXProject "ChatApp" */ = {
			isa = XCConfigurationList;
			buildConfigurations = (
				7FADCD9725227C7700FA8632 /* Debug */,
				7FADCD9825227C7700FA8632 /* Release */,
			);
			defaultConfigurationIsVisible = 0;
			defaultConfigurationName = Release;
		};
		7FADCD9925227C7700FA8632 /* Build configuration list for PBXNativeTarget "ChatApp (iOS)" */ = {
			isa = XCConfigurationList;
			buildConfigurations = (
				7FADCD9A25227C7700FA8632 /* Debug */,
				7FADCD9B25227C7700FA8632 /* Release */,
			);
			defaultConfigurationIsVisible = 0;
			defaultConfigurationName = Release;
		};
		7FADCD9C25227C7700FA8632 /* Build configuration list for PBXNativeTarget "ChatApp (macOS)" */ = {
			isa = XCConfigurationList;
			buildConfigurations = (
				7FADCD9D25227C7700FA8632 /* Debug */,
				7FADCD9E25227C7700FA8632 /* Release */,
			);
			defaultConfigurationIsVisible = 0;
			defaultConfigurationName = Release;
		};
/* End XCConfigurationList section */
	};
	rootObject = 7FADCD7925227C6E00FA8632 /* Project object */;
}
